
Microsoft Visual Studio Solution File, Format Version 12.00
# Visual Studio 15
VisualStudioVersion = 15.0.28307.106
MinimumVisualStudioVersion = 10.0.40219.1
Project("{8BC9CEB8-8B4A-11D0-8D11-00A0C91BC942}") = "love", "love\love.vcxproj", "{759DE647-DF68-44A6-9ADC-84D6A918952D}"
EndProject
Global
	GlobalSection(SolutionConfigurationPlatforms) = preSolution
		Debug|x64 = Debug|x64
		Debug|x86 = Debug|x86
		Release|x64 = Release|x64
		Release|x86 = Release|x86
	EndGlobalSection
	GlobalSection(ProjectConfigurationPlatforms) = postSolution
		{759DE647-DF68-44A6-9ADC-84D6A918952D}.Debug|x64.ActiveCfg = Debug|x64
		{759DE647-DF68-44A6-9ADC-84D6A918952D}.Debug|x64.Build.0 = Debug|x64
		{759DE647-DF68-44A6-9ADC-84D6A918952D}.Debug|x86.ActiveCfg = Debug|Win32
		{759DE647-DF68-44A6-9ADC-84D6A918952D}.Debug|x86.Build.0 = Debug|Win32
		{759DE647-DF68-44A6-9ADC-84D6A918952D}.Release|x64.ActiveCfg = Release|x64
		{759DE647-DF68-44A6-9ADC-84D6A918952D}.Release|x64.Build.0 = Release|x64
		{759DE647-DF68-44A6-9ADC-84D6A918952D}.Release|x86.ActiveCfg = Release|Win32
		{759DE647-DF68-44A6-9ADC-84D6A918952D}.Release|x86.Build.0 = Release|Win32
	EndGlobalSection
	GlobalSection(SolutionProperties) = preSolution
		HideSolutionNode = FALSE
	EndGlobalSection
	GlobalSection(ExtensibilityGlobals) = postSolution
		SolutionGuid = {F53A5537-59AD-4735-8DA9-77F1FCF83EBB}
	EndGlobalSection
EndGlobal
